
Microsoft Visual Studio Solution File, Format Version 12.00
# Visual Studio Version 17
VisualStudioVersion = 17.8.34316.72
MinimumVisualStudioVersion = 10.0.40219.1
Project("{FAE04EC0-301F-11D3-BF4B-00C04F79EFBC}") = "Metadata", "Metadata.csproj", "{C86BC547-0C89-4450-950C-A6DB7863A2A9}"
EndProject
Global
	GlobalSection(SolutionConfigurationPlatforms) = preSolution
		Debug|Any CPU = Debug|Any CPU
		Release|Any CPU = Release|Any CPU
	EndGlobalSection
	GlobalSection(ProjectConfigurationPlatforms) = postSolution
		{C86BC547-0C89-4450-950C-A6DB7863A2A9}.Debug|Any CPU.ActiveCfg = Debug|Any CPU
		{C86BC547-0C89-4450-950C-A6DB7863A2A9}.Debug|Any CPU.Build.0 = Debug|Any CPU
		{C86BC547-0C89-4450-950C-A6DB7863A2A9}.Release|Any CPU.ActiveCfg = Release|Any CPU
		{C86BC547-0C89-4450-950C-A6DB7863A2A9}.Release|Any CPU.Build.0 = Release|Any CPU
	EndGlobalSection
	GlobalSection(SolutionProperties) = preSolution
		HideSolutionNode = FALSE
	EndGlobalSection
	GlobalSection(ExtensibilityGlobals) = postSolution
		SolutionGuid = {6FB1988A-4696-49D2-9A8F-3A926544FDFA}
	EndGlobalSection
EndGlobal
